// !$*UTF8*$!
{
	archiveVersion = 1;
	classes = {
	};
	objectVersion = 56;
	objects = {

/* Begin PBXBuildFile section */
		A10000000000000000000001 /* LyraApp.swift in Sources */ = {isa = PBXBuildFile; fileRef = B10000000000000000000001 /* LyraApp.swift */; };
		A10000000000000000000002 /* ContentView.swift in Sources */ = {isa = PBXBuildFile; fileRef = B10000000000000000000002 /* ContentView.swift */; };
		A10000000000000000000004 /* SidebarView.swift in Sources */ = {isa = PBXBuildFile; fileRef = B10000000000000000000004 /* SidebarView.swift */; };
		A10000000000000000000005 /* VaultNode.swift in Sources */ = {isa = PBXBuildFile; fileRef = B10000000000000000000005 /* VaultNode.swift */; };
		A10000000000000000000007 /* FileSystemVault.swift in Sources */ = {isa = PBXBuildFile; fileRef = B10000000000000000000007 /* FileSystemVault.swift */; };
		A10000000000000000000008 /* UntitledName.swift in Sources */ = {isa = PBXBuildFile; fileRef = B10000000000000000000008 /* UntitledName.swift */; };
		A10000000000000000000009 /* WikiLinkResolver.swift in Sources */ = {isa = PBXBuildFile; fileRef = B10000000000000000000009 /* WikiLinkResolver.swift */; };
		A1000000000000000000000A /* VaultStore.swift in Sources */ = {isa = PBXBuildFile; fileRef = B1000000000000000000000A /* VaultStore.swift */; };
		A1000000000000000000000B /* EditorViewModel.swift in Sources */ = {isa = PBXBuildFile; fileRef = B1000000000000000000000B /* EditorViewModel.swift */; };
		A1000000000000000000000D /* MarkdownTextView.swift in Sources */ = {isa = PBXBuildFile; fileRef = B1000000000000000000000D /* MarkdownTextView.swift */; };
		A1000000000000000000000E /* MarkdownHighlighter.swift in Sources */ = {isa = PBXBuildFile; fileRef = B1000000000000000000000E /* MarkdownHighlighter.swift */; };
		A1000000000000000000000F /* MarkdownPreviewView.swift in Sources */ = {isa = PBXBuildFile; fileRef = B1000000000000000000000F /* MarkdownPreviewView.swift */; };
		A10000000000000000000010 /* Assets.xcassets in Resources */ = {isa = PBXBuildFile; fileRef = B10000000000000000000010 /* Assets.xcassets */; };
		A10000000000000000000011 /* WikiLinkResolverTests.swift in Sources */ = {isa = PBXBuildFile; fileRef = B10000000000000000000011 /* WikiLinkResolverTests.swift */; };
		A10000000000000000000012 /* UntitledNameTests.swift in Sources */ = {isa = PBXBuildFile; fileRef = B10000000000000000000012 /* UntitledNameTests.swift */; };
		A10000000000000000000013 /* FileSystemVaultTests.swift in Sources */ = {isa = PBXBuildFile; fileRef = B10000000000000000000013 /* FileSystemVaultTests.swift */; };
		A10000000000000000000018 /* VaultFolderPicker.swift in Sources */ = {isa = PBXBuildFile; fileRef = B10000000000000000000018 /* VaultFolderPicker.swift */; };
		A10000000000000000000019 /* LyraTheme.swift in Sources */ = {isa = PBXBuildFile; fileRef = B10000000000000000000019 /* LyraTheme.swift */; };
		A1000000000000000000001A /* MarkdownPreviewBlocks.swift in Sources */ = {isa = PBXBuildFile; fileRef = B1000000000000000000001A /* MarkdownPreviewBlocks.swift */; };
		A1000000000000000000001B /* MarkdownPreviewBlocksTests.swift in Sources */ = {isa = PBXBuildFile; fileRef = B1000000000000000000001B /* MarkdownPreviewBlocksTests.swift */; };
		A1000000000000000000001C /* AttachmentStore.swift in Sources */ = {isa = PBXBuildFile; fileRef = B1000000000000000000001C /* AttachmentStore.swift */; };
		A1000000000000000000001D /* AttachmentStoreTests.swift in Sources */ = {isa = PBXBuildFile; fileRef = B1000000000000000000001D /* AttachmentStoreTests.swift */; };
		A1000000000000000000001E /* MarkdownImagePath.swift in Sources */ = {isa = PBXBuildFile; fileRef = B1000000000000000000001E /* MarkdownImagePath.swift */; };
		A1000000000000000000001F /* MarkdownImagePathTests.swift in Sources */ = {isa = PBXBuildFile; fileRef = B1000000000000000000001F /* MarkdownImagePathTests.swift */; };
		A10000000000000000000020 /* NotePDFExporter.swift in Sources */ = {isa = PBXBuildFile; fileRef = B10000000000000000000020 /* NotePDFExporter.swift */; };
		A10000000000000000000021 /* NotePDFExporterTests.swift in Sources */ = {isa = PBXBuildFile; fileRef = B10000000000000000000021 /* NotePDFExporterTests.swift */; };
		A10000000000000000000022 /* NoteViewMode.swift in Sources */ = {isa = PBXBuildFile; fileRef = B10000000000000000000022 /* NoteViewMode.swift */; };
		A10000000000000000000024 /* MarkdownBlockRow.swift in Sources */ = {isa = PBXBuildFile; fileRef = B10000000000000000000024 /* MarkdownBlockRow.swift */; };
		A10000000000000000000025 /* UserFacingError.swift in Sources */ = {isa = PBXBuildFile; fileRef = B10000000000000000000025 /* UserFacingError.swift */; };
		A10000000000000000000026 /* LyraFonts.swift in Sources */ = {isa = PBXBuildFile; fileRef = B10000000000000000000026 /* LyraFonts.swift */; };
		A10000000000000000000027 /* UserFacingErrorTests.swift in Sources */ = {isa = PBXBuildFile; fileRef = B10000000000000000000027 /* UserFacingErrorTests.swift */; };
		A1000000000000000000002D /* EditorViewModelTests.swift in Sources */ = {isa = PBXBuildFile; fileRef = B1000000000000000000002D /* EditorViewModelTests.swift */; };
		A1000000000000000000002E /* MarkdownHighlighterTests.swift in Sources */ = {isa = PBXBuildFile; fileRef = B1000000000000000000002E /* MarkdownHighlighterTests.swift */; };
		A1000000000000000000002F /* VaultStoreRenameTests.swift in Sources */ = {isa = PBXBuildFile; fileRef = B1000000000000000000002F /* VaultStoreRenameTests.swift */; };
		A10000000000000000000028 /* Inter-Regular.ttf in Resources */ = {isa = PBXBuildFile; fileRef = B10000000000000000000028 /* Inter-Regular.ttf */; };
		A1000000000000000000002A /* Inter-SemiBold.ttf in Resources */ = {isa = PBXBuildFile; fileRef = B1000000000000000000002A /* Inter-SemiBold.ttf */; };
		A1000000000000000000002B /* Inter-Bold.ttf in Resources */ = {isa = PBXBuildFile; fileRef = B1000000000000000000002B /* Inter-Bold.ttf */; };
		A1000000000000000000002C /* Inter-OFL.txt in Resources */ = {isa = PBXBuildFile; fileRef = B1000000000000000000002C /* Inter-OFL.txt */; };

		A10000000000000000000030 /* AppearancePreference.swift in Sources */ = {isa = PBXBuildFile; fileRef = B10000000000000000000030 /* AppearancePreference.swift */; };
		A10000000000000000000031 /* SettingsView.swift in Sources */ = {isa = PBXBuildFile; fileRef = B10000000000000000000031 /* SettingsView.swift */; };
		A10000000000000000000032 /* AppSession.swift in Sources */ = {isa = PBXBuildFile; fileRef = B10000000000000000000032 /* AppSession.swift */; };
		A10000000000000000000033 /* AppearanceController.swift in Sources */ = {isa = PBXBuildFile; fileRef = B10000000000000000000033 /* AppearanceController.swift */; };
		A10000000000000000000034 /* GeneralPreferences.swift in Sources */ = {isa = PBXBuildFile; fileRef = B10000000000000000000034 /* GeneralPreferences.swift */; };
		A10000000000000000000035 /* FilenameValidation.swift in Sources */ = {isa = PBXBuildFile; fileRef = B10000000000000000000035 /* FilenameValidation.swift */; };
		A10000000000000000000036 /* FilenameValidationTests.swift in Sources */ = {isa = PBXBuildFile; fileRef = B10000000000000000000036 /* FilenameValidationTests.swift */; };
		A10000000000000000000037 /* VaultSearch.swift in Sources */ = {isa = PBXBuildFile; fileRef = B10000000000000000000037 /* VaultSearch.swift */; };
		A10000000000000000000038 /* VaultSearchTests.swift in Sources */ = {isa = PBXBuildFile; fileRef = B10000000000000000000038 /* VaultSearchTests.swift */; };
		A10000000000000000000039 /* NoteStats.swift in Sources */ = {isa = PBXBuildFile; fileRef = B10000000000000000000039 /* NoteStats.swift */; };
		A1000000000000000000003A /* EditorStatusBar.swift in Sources */ = {isa = PBXBuildFile; fileRef = B1000000000000000000003A /* EditorStatusBar.swift */; };
		A1000000000000000000003B /* NoteStatsTests.swift in Sources */ = {isa = PBXBuildFile; fileRef = B1000000000000000000003B /* NoteStatsTests.swift */; };
/* End PBXBuildFile section */

/* Begin PBXContainerItemProxy section */
		C10000000000000000000001 /* PBXContainerItemProxy */ = {
			isa = PBXContainerItemProxy;
			containerPortal = D10000000000000000000001 /* Project object */;
			proxyType = 1;
			remoteGlobalIDString = E10000000000000000000001;
			remoteInfo = Lyra;
		};
/* End PBXContainerItemProxy section */

/* Begin PBXFileReference section */
		B10000000000000000000001 /* LyraApp.swift */ = {isa = PBXFileReference; lastKnownFileType = sourcecode.swift; path = LyraApp.swift; sourceTree = "<group>"; };
		B10000000000000000000002 /* ContentView.swift */ = {isa = PBXFileReference; lastKnownFileType = sourcecode.swift; path = ContentView.swift; sourceTree = "<group>"; };
		B10000000000000000000004 /* SidebarView.swift */ = {isa = PBXFileReference; lastKnownFileType = sourcecode.swift; path = SidebarView.swift; sourceTree = "<group>"; };
		B10000000000000000000005 /* VaultNode.swift */ = {isa = PBXFileReference; lastKnownFileType = sourcecode.swift; path = VaultNode.swift; sourceTree = "<group>"; };
		B10000000000000000000007 /* FileSystemVault.swift */ = {isa = PBXFileReference; lastKnownFileType = sourcecode.swift; path = FileSystemVault.swift; sourceTree = "<group>"; };
		B10000000000000000000008 /* UntitledName.swift */ = {isa = PBXFileReference; lastKnownFileType = sourcecode.swift; path = UntitledName.swift; sourceTree = "<group>"; };
		B10000000000000000000009 /* WikiLinkResolver.swift */ = {isa = PBXFileReference; lastKnownFileType = sourcecode.swift; path = WikiLinkResolver.swift; sourceTree = "<group>"; };
		B1000000000000000000000A /* VaultStore.swift */ = {isa = PBXFileReference; lastKnownFileType = sourcecode.swift; path = VaultStore.swift; sourceTree = "<group>"; };
		B1000000000000000000000B /* EditorViewModel.swift */ = {isa = PBXFileReference; lastKnownFileType = sourcecode.swift; path = EditorViewModel.swift; sourceTree = "<group>"; };
		B1000000000000000000000D /* MarkdownTextView.swift */ = {isa = PBXFileReference; lastKnownFileType = sourcecode.swift; path = MarkdownTextView.swift; sourceTree = "<group>"; };
		B1000000000000000000000E /* MarkdownHighlighter.swift */ = {isa = PBXFileReference; lastKnownFileType = sourcecode.swift; path = MarkdownHighlighter.swift; sourceTree = "<group>"; };
		B1000000000000000000000F /* MarkdownPreviewView.swift */ = {isa = PBXFileReference; lastKnownFileType = sourcecode.swift; path = MarkdownPreviewView.swift; sourceTree = "<group>"; };
		B10000000000000000000010 /* Assets.xcassets */ = {isa = PBXFileReference; lastKnownFileType = folder.assetcatalog; path = Assets.xcassets; sourceTree = "<group>"; };
		B10000000000000000000011 /* WikiLinkResolverTests.swift */ = {isa = PBXFileReference; lastKnownFileType = sourcecode.swift; path = WikiLinkResolverTests.swift; sourceTree = "<group>"; };
		B10000000000000000000012 /* UntitledNameTests.swift */ = {isa = PBXFileReference; lastKnownFileType = sourcecode.swift; path = UntitledNameTests.swift; sourceTree = "<group>"; };
		B10000000000000000000013 /* FileSystemVaultTests.swift */ = {isa = PBXFileReference; lastKnownFileType = sourcecode.swift; path = FileSystemVaultTests.swift; sourceTree = "<group>"; };
		B10000000000000000000014 /* Lyra.app */ = {isa = PBXFileReference; explicitFileType = wrapper.application; includeInIndex = 0; path = Lyra.app; sourceTree = BUILT_PRODUCTS_DIR; };
		B10000000000000000000015 /* LyraTests.xctest */ = {isa = PBXFileReference; explicitFileType = wrapper.cfbundle; includeInIndex = 0; path = LyraTests.xctest; sourceTree = BUILT_PRODUCTS_DIR; };
		B10000000000000000000016 /* Lyra.entitlements */ = {isa = PBXFileReference; lastKnownFileType = text.plist.entitlements; path = Lyra.entitlements; sourceTree = "<group>"; };
		B10000000000000000000017 /* Info.plist */ = {isa = PBXFileReference; lastKnownFileType = text.plist.xml; path = Info.plist; sourceTree = "<group>"; };
		B10000000000000000000018 /* VaultFolderPicker.swift */ = {isa = PBXFileReference; lastKnownFileType = sourcecode.swift; path = VaultFolderPicker.swift; sourceTree = "<group>"; };
		B10000000000000000000019 /* LyraTheme.swift */ = {isa = PBXFileReference; lastKnownFileType = sourcecode.swift; path = LyraTheme.swift; sourceTree = "<group>"; };
		B1000000000000000000001A /* MarkdownPreviewBlocks.swift */ = {isa = PBXFileReference; lastKnownFileType = sourcecode.swift; path = MarkdownPreviewBlocks.swift; sourceTree = "<group>"; };
		B1000000000000000000001B /* MarkdownPreviewBlocksTests.swift */ = {isa = PBXFileReference; lastKnownFileType = sourcecode.swift; path = MarkdownPreviewBlocksTests.swift; sourceTree = "<group>"; };
		B1000000000000000000001C /* AttachmentStore.swift */ = {isa = PBXFileReference; lastKnownFileType = sourcecode.swift; path = AttachmentStore.swift; sourceTree = "<group>"; };
		B1000000000000000000001D /* AttachmentStoreTests.swift */ = {isa = PBXFileReference; lastKnownFileType = sourcecode.swift; path = AttachmentStoreTests.swift; sourceTree = "<group>"; };
		B1000000000000000000001E /* MarkdownImagePath.swift */ = {isa = PBXFileReference; lastKnownFileType = sourcecode.swift; path = MarkdownImagePath.swift; sourceTree = "<group>"; };
		B1000000000000000000001F /* MarkdownImagePathTests.swift */ = {isa = PBXFileReference; lastKnownFileType = sourcecode.swift; path = MarkdownImagePathTests.swift; sourceTree = "<group>"; };
		B10000000000000000000020 /* NotePDFExporter.swift */ = {isa = PBXFileReference; lastKnownFileType = sourcecode.swift; path = NotePDFExporter.swift; sourceTree = "<group>"; };
		B10000000000000000000021 /* NotePDFExporterTests.swift */ = {isa = PBXFileReference; lastKnownFileType = sourcecode.swift; path = NotePDFExporterTests.swift; sourceTree = "<group>"; };
		B10000000000000000000022 /* NoteViewMode.swift */ = {isa = PBXFileReference; lastKnownFileType = sourcecode.swift; path = NoteViewMode.swift; sourceTree = "<group>"; };
		B10000000000000000000024 /* MarkdownBlockRow.swift */ = {isa = PBXFileReference; lastKnownFileType = sourcecode.swift; path = MarkdownBlockRow.swift; sourceTree = "<group>"; };
		B10000000000000000000025 /* UserFacingError.swift */ = {isa = PBXFileReference; lastKnownFileType = sourcecode.swift; path = UserFacingError.swift; sourceTree = "<group>"; };
		B10000000000000000000026 /* LyraFonts.swift */ = {isa = PBXFileReference; lastKnownFileType = sourcecode.swift; path = LyraFonts.swift; sourceTree = "<group>"; };
		B10000000000000000000027 /* UserFacingErrorTests.swift */ = {isa = PBXFileReference; lastKnownFileType = sourcecode.swift; path = UserFacingErrorTests.swift; sourceTree = "<group>"; };
		B1000000000000000000002D /* EditorViewModelTests.swift */ = {isa = PBXFileReference; lastKnownFileType = sourcecode.swift; path = EditorViewModelTests.swift; sourceTree = "<group>"; };
		B1000000000000000000002E /* MarkdownHighlighterTests.swift */ = {isa = PBXFileReference; lastKnownFileType = sourcecode.swift; path = MarkdownHighlighterTests.swift; sourceTree = "<group>"; };
		B1000000000000000000002F /* VaultStoreRenameTests.swift */ = {isa = PBXFileReference; lastKnownFileType = sourcecode.swift; path = VaultStoreRenameTests.swift; sourceTree = "<group>"; };
		B10000000000000000000028 /* Inter-Regular.ttf */ = {isa = PBXFileReference; lastKnownFileType = file; path = "Inter-Regular.ttf"; sourceTree = "<group>"; };
		B1000000000000000000002A /* Inter-SemiBold.ttf */ = {isa = PBXFileReference; lastKnownFileType = file; path = "Inter-SemiBold.ttf"; sourceTree = "<group>"; };
		B1000000000000000000002B /* Inter-Bold.ttf */ = {isa = PBXFileReference; lastKnownFileType = file; path = "Inter-Bold.ttf"; sourceTree = "<group>"; };
		B1000000000000000000002C /* Inter-OFL.txt */ = {isa = PBXFileReference; lastKnownFileType = text; path = "Inter-OFL.txt"; sourceTree = "<group>"; };

		B10000000000000000000030 /* AppearancePreference.swift */ = {isa = PBXFileReference; lastKnownFileType = sourcecode.swift; path = AppearancePreference.swift; sourceTree = "<group>"; };
		B10000000000000000000031 /* SettingsView.swift */ = {isa = PBXFileReference; lastKnownFileType = sourcecode.swift; path = SettingsView.swift; sourceTree = "<group>"; };
		B10000000000000000000032 /* AppSession.swift */ = {isa = PBXFileReference; lastKnownFileType = sourcecode.swift; path = AppSession.swift; sourceTree = "<group>"; };
		B10000000000000000000033 /* AppearanceController.swift */ = {isa = PBXFileReference; lastKnownFileType = sourcecode.swift; path = AppearanceController.swift; sourceTree = "<group>"; };
		B10000000000000000000034 /* GeneralPreferences.swift */ = {isa = PBXFileReference; lastKnownFileType = sourcecode.swift; path = GeneralPreferences.swift; sourceTree = "<group>"; };
		B10000000000000000000035 /* FilenameValidation.swift */ = {isa = PBXFileReference; lastKnownFileType = sourcecode.swift; path = FilenameValidation.swift; sourceTree = "<group>"; };
		B10000000000000000000036 /* FilenameValidationTests.swift */ = {isa = PBXFileReference; lastKnownFileType = sourcecode.swift; path = FilenameValidationTests.swift; sourceTree = "<group>"; };
		B10000000000000000000037 /* VaultSearch.swift */ = {isa = PBXFileReference; lastKnownFileType = sourcecode.swift; path = VaultSearch.swift; sourceTree = "<group>"; };
		B10000000000000000000038 /* VaultSearchTests.swift */ = {isa = PBXFileReference; lastKnownFileType = sourcecode.swift; path = VaultSearchTests.swift; sourceTree = "<group>"; };
		B10000000000000000000039 /* NoteStats.swift */ = {isa = PBXFileReference; lastKnownFileType = sourcecode.swift; path = NoteStats.swift; sourceTree = "<group>"; };
		B1000000000000000000003A /* EditorStatusBar.swift */ = {isa = PBXFileReference; lastKnownFileType = sourcecode.swift; path = EditorStatusBar.swift; sourceTree = "<group>"; };
		B1000000000000000000003B /* NoteStatsTests.swift */ = {isa = PBXFileReference; lastKnownFileType = sourcecode.swift; path = NoteStatsTests.swift; sourceTree = "<group>"; };
/* End PBXFileReference section */

/* Begin PBXFrameworksBuildPhase section */
		F10000000000000000000001 /* Frameworks */ = {
			isa = PBXFrameworksBuildPhase;
			buildActionMask = 2147483647;
			files = (
			);
			runOnlyForDeploymentPostprocessing = 0;
		};
		F10000000000000000000002 /* Frameworks */ = {
			isa = PBXFrameworksBuildPhase;
			buildActionMask = 2147483647;
			files = (
			);
			runOnlyForDeploymentPostprocessing = 0;
		};
/* End PBXFrameworksBuildPhase section */

/* Begin PBXGroup section */
		G10000000000000000000001 = {
			isa = PBXGroup;
			children = (
				G10000000000000000000002 /* Lyra */,
				G10000000000000000000003 /* LyraTests */,
				G10000000000000000000004 /* Products */,
			);
			sourceTree = "<group>";
		};
		G10000000000000000000002 /* Lyra */ = {
			isa = PBXGroup;
			children = (
				B10000000000000000000001 /* LyraApp.swift */,
				G10000000000000000000005 /* App */,
				G10000000000000000000006 /* Models */,
				G10000000000000000000007 /* Vault */,
				G10000000000000000000008 /* Editor */,
				G10000000000000000000009 /* Preview */,
				G1000000000000000000000A /* Resources */,
				B10000000000000000000016 /* Lyra.entitlements */,
				B10000000000000000000017 /* Info.plist */,
			);
			path = Lyra;
			sourceTree = "<group>";
		};
		G10000000000000000000003 /* LyraTests */ = {
			isa = PBXGroup;
			children = (
				B10000000000000000000011 /* WikiLinkResolverTests.swift */,
				B10000000000000000000012 /* UntitledNameTests.swift */,
				B10000000000000000000013 /* FileSystemVaultTests.swift */,
				B1000000000000000000001B /* MarkdownPreviewBlocksTests.swift */,
				B1000000000000000000001D /* AttachmentStoreTests.swift */,
				B1000000000000000000001F /* MarkdownImagePathTests.swift */,
				B10000000000000000000021 /* NotePDFExporterTests.swift */,
				B10000000000000000000027 /* UserFacingErrorTests.swift */,
				B1000000000000000000002D /* EditorViewModelTests.swift */,
				B1000000000000000000002E /* MarkdownHighlighterTests.swift */,
				B1000000000000000000002F /* VaultStoreRenameTests.swift */,
				B10000000000000000000036 /* FilenameValidationTests.swift */,
				B10000000000000000000038 /* VaultSearchTests.swift */,
				B1000000000000000000003B /* NoteStatsTests.swift */,
			);
			path = LyraTests;
			sourceTree = "<group>";
		};
		G10000000000000000000004 /* Products */ = {
			isa = PBXGroup;
			children = (
				B10000000000000000000014 /* Lyra.app */,
				B10000000000000000000015 /* LyraTests.xctest */,
			);
			name = Products;
			sourceTree = "<group>";
		};
		G10000000000000000000005 /* App */ = {
			isa = PBXGroup;
			children = (
				B10000000000000000000002 /* ContentView.swift */,
				B10000000000000000000004 /* SidebarView.swift */,
				B10000000000000000000018 /* VaultFolderPicker.swift */,
				B10000000000000000000019 /* LyraTheme.swift */,
				B10000000000000000000022 /* NoteViewMode.swift */,
				B10000000000000000000025 /* UserFacingError.swift */,
				B10000000000000000000026 /* LyraFonts.swift */,
				B10000000000000000000030 /* AppearancePreference.swift */,
				B10000000000000000000033 /* AppearanceController.swift */,
				B10000000000000000000031 /* SettingsView.swift */,
				B10000000000000000000032 /* AppSession.swift */,
				B10000000000000000000034 /* GeneralPreferences.swift */,
				B10000000000000000000035 /* FilenameValidation.swift */,
				B10000000000000000000039 /* NoteStats.swift */,
				B1000000000000000000003A /* EditorStatusBar.swift */,
			);
			path = App;
			sourceTree = "<group>";
		};
		G10000000000000000000006 /* Models */ = {
			isa = PBXGroup;
			children = (
				B10000000000000000000005 /* VaultNode.swift */,
			);
			path = Models;
			sourceTree = "<group>";
		};
		G10000000000000000000007 /* Vault */ = {
			isa = PBXGroup;
			children = (
				B10000000000000000000007 /* FileSystemVault.swift */,
				B10000000000000000000008 /* UntitledName.swift */,
				B10000000000000000000009 /* WikiLinkResolver.swift */,
				B1000000000000000000000A /* VaultStore.swift */,
				B1000000000000000000001C /* AttachmentStore.swift */,
				B10000000000000000000037 /* VaultSearch.swift */,
			);
			path = Vault;
			sourceTree = "<group>";
		};
		G10000000000000000000008 /* Editor */ = {
			isa = PBXGroup;
			children = (
				B1000000000000000000000B /* EditorViewModel.swift */,
				B1000000000000000000000D /* MarkdownTextView.swift */,
				B1000000000000000000000E /* MarkdownHighlighter.swift */,
			);
			path = Editor;
			sourceTree = "<group>";
		};
		G10000000000000000000009 /* Preview */ = {
			isa = PBXGroup;
			children = (
				B1000000000000000000000F /* MarkdownPreviewView.swift */,
				B1000000000000000000001A /* MarkdownPreviewBlocks.swift */,
				B1000000000000000000001E /* MarkdownImagePath.swift */,
				B10000000000000000000020 /* NotePDFExporter.swift */,
				B10000000000000000000024 /* MarkdownBlockRow.swift */,
			);
			path = Preview;
			sourceTree = "<group>";
		};
		G1000000000000000000000A /* Resources */ = {
			isa = PBXGroup;
			children = (
				B10000000000000000000010 /* Assets.xcassets */,
				G1000000000000000000000B /* Fonts */,
			);
			path = Resources;
			sourceTree = "<group>";
		};
		G1000000000000000000000B /* Fonts */ = {
			isa = PBXGroup;
			children = (
				B10000000000000000000028 /* Inter-Regular.ttf */,
				B1000000000000000000002A /* Inter-SemiBold.ttf */,
				B1000000000000000000002B /* Inter-Bold.ttf */,
				B1000000000000000000002C /* Inter-OFL.txt */,
			);
			path = Fonts;
			sourceTree = "<group>";
		};
/* End PBXGroup section */

/* Begin PBXNativeTarget section */
		E10000000000000000000001 /* Lyra */ = {
			isa = PBXNativeTarget;
			buildConfigurationList = H10000000000000000000003 /* Build configuration list for PBXNativeTarget "Lyra" */;
			buildPhases = (
				I10000000000000000000001 /* Sources */,
				F10000000000000000000001 /* Frameworks */,
				J10000000000000000000001 /* Resources */,
			);
			buildRules = (
			);
			dependencies = (
			);
			name = Lyra;
			productName = Lyra;
			productReference = B10000000000000000000014 /* Lyra.app */;
			productType = "com.apple.product-type.application";
		};
		E10000000000000000000002 /* LyraTests */ = {
			isa = PBXNativeTarget;
			buildConfigurationList = H10000000000000000000004 /* Build configuration list for PBXNativeTarget "LyraTests" */;
			buildPhases = (
				I10000000000000000000002 /* Sources */,
				F10000000000000000000002 /* Frameworks */,
			);
			buildRules = (
			);
			dependencies = (
				K10000000000000000000001 /* PBXTargetDependency */,
			);
			name = LyraTests;
			productName = LyraTests;
			productReference = B10000000000000000000015 /* LyraTests.xctest */;
			productType = "com.apple.product-type.bundle.unit-test";
		};
/* End PBXNativeTarget section */

/* Begin PBXProject section */
		D10000000000000000000001 /* Project object */ = {
			isa = PBXProject;
			attributes = {
				BuildIndependentTargetsInParallel = 1;
				LastSwiftUpdateCheck = 1600;
				LastUpgradeCheck = 1600;
				TargetAttributes = {
					E10000000000000000000001 = {
						CreatedOnToolsVersion = 16.0;
					};
					E10000000000000000000002 = {
						CreatedOnToolsVersion = 16.0;
						TestTargetID = E10000000000000000000001;
					};
				};
			};
			buildConfigurationList = H10000000000000000000001 /* Build configuration list for PBXProject "Lyra" */;
			compatibilityVersion = "Xcode 14.0";
			developmentRegion = en;
			hasScannedForEncodings = 0;
			knownRegions = (
				en,
				Base,
			);
			mainGroup = G10000000000000000000001;
			productRefGroup = G10000000000000000000004 /* Products */;
			projectDirPath = "";
			projectRoot = "";
			targets = (
				E10000000000000000000001 /* Lyra */,
				E10000000000000000000002 /* LyraTests */,
			);
		};
/* End PBXProject section */

/* Begin PBXResourcesBuildPhase section */
		J10000000000000000000001 /* Resources */ = {
			isa = PBXResourcesBuildPhase;
			buildActionMask = 2147483647;
			files = (
				A10000000000000000000010 /* Assets.xcassets in Resources */,
				A10000000000000000000028 /* Inter-Regular.ttf in Resources */,
				A1000000000000000000002A /* Inter-SemiBold.ttf in Resources */,
				A1000000000000000000002B /* Inter-Bold.ttf in Resources */,
				A1000000000000000000002C /* Inter-OFL.txt in Resources */,
			);
			runOnlyForDeploymentPostprocessing = 0;
		};
/* End PBXResourcesBuildPhase section */

/* Begin PBXSourcesBuildPhase section */
		I10000000000000000000001 /* Sources */ = {
			isa = PBXSourcesBuildPhase;
			buildActionMask = 2147483647;
			files = (
				A10000000000000000000001 /* LyraApp.swift in Sources */,
				A10000000000000000000002 /* ContentView.swift in Sources */,
				A10000000000000000000004 /* SidebarView.swift in Sources */,
				A10000000000000000000018 /* VaultFolderPicker.swift in Sources */,
				A10000000000000000000005 /* VaultNode.swift in Sources */,
				A10000000000000000000007 /* FileSystemVault.swift in Sources */,
				A10000000000000000000008 /* UntitledName.swift in Sources */,
				A10000000000000000000009 /* WikiLinkResolver.swift in Sources */,
				A1000000000000000000000A /* VaultStore.swift in Sources */,
				A1000000000000000000000B /* EditorViewModel.swift in Sources */,
				A1000000000000000000000D /* MarkdownTextView.swift in Sources */,
				A1000000000000000000000E /* MarkdownHighlighter.swift in Sources */,
				A1000000000000000000000F /* MarkdownPreviewView.swift in Sources */,
				A10000000000000000000019 /* LyraTheme.swift in Sources */,
				A1000000000000000000001A /* MarkdownPreviewBlocks.swift in Sources */,
				A1000000000000000000001C /* AttachmentStore.swift in Sources */,
				A1000000000000000000001E /* MarkdownImagePath.swift in Sources */,
				A10000000000000000000020 /* NotePDFExporter.swift in Sources */,
				A10000000000000000000022 /* NoteViewMode.swift in Sources */,
				A10000000000000000000024 /* MarkdownBlockRow.swift in Sources */,
				A10000000000000000000025 /* UserFacingError.swift in Sources */,
				A10000000000000000000026 /* LyraFonts.swift in Sources */,
				A10000000000000000000030 /* AppearancePreference.swift in Sources */,
				A10000000000000000000033 /* AppearanceController.swift in Sources */,
				A10000000000000000000031 /* SettingsView.swift in Sources */,
				A10000000000000000000032 /* AppSession.swift in Sources */,
				A10000000000000000000034 /* GeneralPreferences.swift in Sources */,
				A10000000000000000000035 /* FilenameValidation.swift in Sources */,
				A10000000000000000000037 /* VaultSearch.swift in Sources */,
				A10000000000000000000039 /* NoteStats.swift in Sources */,
				A1000000000000000000003A /* EditorStatusBar.swift in Sources */,
			);
			runOnlyForDeploymentPostprocessing = 0;
		};
		I10000000000000000000002 /* Sources */ = {
			isa = PBXSourcesBuildPhase;
			buildActionMask = 2147483647;
			files = (
				A10000000000000000000011 /* WikiLinkResolverTests.swift in Sources */,
				A10000000000000000000012 /* UntitledNameTests.swift in Sources */,
				A10000000000000000000013 /* FileSystemVaultTests.swift in Sources */,
				A1000000000000000000001B /* MarkdownPreviewBlocksTests.swift in Sources */,
				A1000000000000000000001D /* AttachmentStoreTests.swift in Sources */,
				A1000000000000000000001F /* MarkdownImagePathTests.swift in Sources */,
				A10000000000000000000021 /* NotePDFExporterTests.swift in Sources */,
				A10000000000000000000027 /* UserFacingErrorTests.swift in Sources */,
				A1000000000000000000002D /* EditorViewModelTests.swift in Sources */,
				A1000000000000000000002E /* MarkdownHighlighterTests.swift in Sources */,
				A1000000000000000000002F /* VaultStoreRenameTests.swift in Sources */,
				A10000000000000000000036 /* FilenameValidationTests.swift in Sources */,
				A10000000000000000000038 /* VaultSearchTests.swift in Sources */,
				A1000000000000000000003B /* NoteStatsTests.swift in Sources */,
			);
			runOnlyForDeploymentPostprocessing = 0;
		};
/* End PBXSourcesBuildPhase section */

/* Begin PBXTargetDependency section */
		K10000000000000000000001 /* PBXTargetDependency */ = {
			isa = PBXTargetDependency;
			target = E10000000000000000000001 /* Lyra */;
			targetProxy = C10000000000000000000001 /* PBXContainerItemProxy */;
		};
/* End PBXTargetDependency section */

/* Begin XCBuildConfiguration section */
		L10000000000000000000001 /* Debug */ = {
			isa = XCBuildConfiguration;
			buildSettings = {
				ALWAYS_SEARCH_USER_PATHS = NO;
				CLANG_ENABLE_MODULES = YES;
				CLANG_ENABLE_OBJC_ARC = YES;
				COPY_PHASE_STRIP = NO;
				DEBUG_INFORMATION_FORMAT = dwarf;
				ENABLE_TESTABILITY = YES;
				GCC_DYNAMIC_NO_PIC = NO;
				GCC_TREAT_WARNINGS_AS_ERRORS = YES;
				MACOSX_DEPLOYMENT_TARGET = 15.0;
				ONLY_ACTIVE_ARCH = YES;
				SDKROOT = macosx;
				SWIFT_ACTIVE_COMPILATION_CONDITIONS = DEBUG;
				SWIFT_OPTIMIZATION_LEVEL = "-Onone";
				SWIFT_TREAT_WARNINGS_AS_ERRORS = YES;
			};
			name = Debug;
		};
		L10000000000000000000002 /* Release */ = {
			isa = XCBuildConfiguration;
			buildSettings = {
				ALWAYS_SEARCH_USER_PATHS = NO;
				CLANG_ENABLE_MODULES = YES;
				CLANG_ENABLE_OBJC_ARC = YES;
				COPY_PHASE_STRIP = NO;
				DEBUG_INFORMATION_FORMAT = "dwarf-with-dsym";
				GCC_TREAT_WARNINGS_AS_ERRORS = YES;
				MACOSX_DEPLOYMENT_TARGET = 15.0;
				SDKROOT = macosx;
				SWIFT_COMPILATION_MODE = wholemodule;
				SWIFT_TREAT_WARNINGS_AS_ERRORS = YES;
			};
			name = Release;
		};
		L10000000000000000000003 /* Debug */ = {
			isa = XCBuildConfiguration;
			buildSettings = {
				ASSETCATALOG_COMPILER_APPICON_NAME = AppIcon;
				ASSETCATALOG_COMPILER_GLOBAL_ACCENT_COLOR_NAME = AccentColor;
				CODE_SIGN_ENTITLEMENTS = Lyra/Lyra.entitlements;
				CODE_SIGN_STYLE = Automatic;
				COMBINE_HIDPI_IMAGES = YES;
				CURRENT_PROJECT_VERSION = 9;
				ENABLE_HARDENED_RUNTIME = YES;
				GENERATE_INFOPLIST_FILE = NO;
				INFOPLIST_FILE = Lyra/Info.plist;
				LD_RUNPATH_SEARCH_PATHS = (
					"$(inherited)",
					"@executable_path/../Frameworks",
				);
				MACOSX_DEPLOYMENT_TARGET = 15.0;
				MARKETING_VERSION = 0.9.0;
				PRODUCT_BUNDLE_IDENTIFIER = app.lyra.Lyra;
				PRODUCT_NAME = "$(TARGET_NAME)";
				SWIFT_EMIT_LOC_STRINGS = YES;
				SWIFT_VERSION = 5.0;
			};
			name = Debug;
		};
		L10000000000000000000004 /* Release */ = {
			isa = XCBuildConfiguration;
			buildSettings = {
				ASSETCATALOG_COMPILER_APPICON_NAME = AppIcon;
				ASSETCATALOG_COMPILER_GLOBAL_ACCENT_COLOR_NAME = AccentColor;
				CODE_SIGN_ENTITLEMENTS = Lyra/Lyra.entitlements;
				CODE_SIGN_STYLE = Automatic;
				COMBINE_HIDPI_IMAGES = YES;
				CURRENT_PROJECT_VERSION = 9;
				ENABLE_HARDENED_RUNTIME = YES;
				GENERATE_INFOPLIST_FILE = NO;
				INFOPLIST_FILE = Lyra/Info.plist;
				LD_RUNPATH_SEARCH_PATHS = (
					"$(inherited)",
					"@executable_path/../Frameworks",
				);
				MACOSX_DEPLOYMENT_TARGET = 15.0;
				MARKETING_VERSION = 0.9.0;
				PRODUCT_BUNDLE_IDENTIFIER = app.lyra.Lyra;
				PRODUCT_NAME = "$(TARGET_NAME)";
				SWIFT_EMIT_LOC_STRINGS = YES;
				SWIFT_VERSION = 5.0;
			};
			name = Release;
		};
		L10000000000000000000005 /* Debug */ = {
			isa = XCBuildConfiguration;
			buildSettings = {
				BUNDLE_LOADER = "$(TEST_HOST)";
				CODE_SIGN_STYLE = Automatic;
				CURRENT_PROJECT_VERSION = 9;
				GENERATE_INFOPLIST_FILE = YES;
				MACOSX_DEPLOYMENT_TARGET = 15.0;
				MARKETING_VERSION = 0.9.0;
				PRODUCT_BUNDLE_IDENTIFIER = app.lyra.LyraTests;
				PRODUCT_NAME = "$(TARGET_NAME)";
				SWIFT_VERSION = 5.0;
				TEST_HOST = "$(BUILT_PRODUCTS_DIR)/Lyra.app/$(BUNDLE_EXECUTABLE_FOLDER_PATH)/Lyra";
			};
			name = Debug;
		};
		L10000000000000000000006 /* Release */ = {
			isa = XCBuildConfiguration;
			buildSettings = {
				BUNDLE_LOADER = "$(TEST_HOST)";
				CODE_SIGN_STYLE = Automatic;
				CURRENT_PROJECT_VERSION = 9;
				GENERATE_INFOPLIST_FILE = YES;
				MACOSX_DEPLOYMENT_TARGET = 15.0;
				MARKETING_VERSION = 0.9.0;
				PRODUCT_BUNDLE_IDENTIFIER = app.lyra.LyraTests;
				PRODUCT_NAME = "$(TARGET_NAME)";
				SWIFT_VERSION = 5.0;
				TEST_HOST = "$(BUILT_PRODUCTS_DIR)/Lyra.app/$(BUNDLE_EXECUTABLE_FOLDER_PATH)/Lyra";
			};
			name = Release;
		};
/* End XCBuildConfiguration section */

/* Begin XCConfigurationList section */
		H10000000000000000000001 /* Build configuration list for PBXProject "Lyra" */ = {
			isa = XCConfigurationList;
			buildConfigurations = (
				L10000000000000000000001 /* Debug */,
				L10000000000000000000002 /* Release */,
			);
			defaultConfigurationIsVisible = 0;
			defaultConfigurationName = Release;
		};
		H10000000000000000000003 /* Build configuration list for PBXNativeTarget "Lyra" */ = {
			isa = XCConfigurationList;
			buildConfigurations = (
				L10000000000000000000003 /* Debug */,
				L10000000000000000000004 /* Release */,
			);
			defaultConfigurationIsVisible = 0;
			defaultConfigurationName = Release;
		};
		H10000000000000000000004 /* Build configuration list for PBXNativeTarget "LyraTests" */ = {
			isa = XCConfigurationList;
			buildConfigurations = (
				L10000000000000000000005 /* Debug */,
				L10000000000000000000006 /* Release */,
			);
			defaultConfigurationIsVisible = 0;
			defaultConfigurationName = Release;
		};
/* End XCConfigurationList section */
	};
	rootObject = D10000000000000000000001 /* Project object */;
}
